
Microsoft Visual Studio Solution File, Format Version 12.00
Project("{FAE04EC0-301F-11D3-BF4B-00C04F79EFBC}") = "VirusTotalCore", "src\VirusTotalCore\VirusTotalCore.csproj", "{C2D5EBFF-CAD9-49D8-8019-D567EDB02D57}"
EndProject
Project("{FAE04EC0-301F-11D3-BF4B-00C04F79EFBC}") = "VirusTotalCore.Tests", "src\VirusTotalCore.Tests\VirusTotalCore.Tests.csproj", "{CFA7370B-860E-43F8-89E6-1FAFEFD07174}"
EndProject
Global
	GlobalSection(SolutionConfigurationPlatforms) = preSolution
		Debug|Any CPU = Debug|Any CPU
		Release|Any CPU = Release|Any CPU
	EndGlobalSection
	GlobalSection(ProjectConfigurationPlatforms) = postSolution
		{C2D5EBFF-CAD9-49D8-8019-D567EDB02D57}.Debug|Any CPU.ActiveCfg = Debug|Any CPU
		{C2D5EBFF-CAD9-49D8-8019-D567EDB02D57}.Debug|Any CPU.Build.0 = Debug|Any CPU
		{C2D5EBFF-CAD9-49D8-8019-D567EDB02D57}.Release|Any CPU.ActiveCfg = Release|Any CPU
		{C2D5EBFF-CAD9-49D8-8019-D567EDB02D57}.Release|Any CPU.Build.0 = Release|Any CPU
		{CFA7370B-860E-43F8-89E6-1FAFEFD07174}.Debug|Any CPU.ActiveCfg = Debug|Any CPU
		{CFA7370B-860E-43F8-89E6-1FAFEFD07174}.Debug|Any CPU.Build.0 = Debug|Any CPU
		{CFA7370B-860E-43F8-89E6-1FAFEFD07174}.Release|Any CPU.ActiveCfg = Release|Any CPU
		{CFA7370B-860E-43F8-89E6-1FAFEFD07174}.Release|Any CPU.Build.0 = Release|Any CPU
	EndGlobalSection
EndGlobal
